// !$*UTF8*$!
{
	archiveVersion = 1;
	classes = {
	};
	objectVersion = 46;
	objects = {

/* Begin PBXBuildFile section */
		3131C0D79AE8B155FE190D34 /* Preview Assets.xcassets in Resources */ = {isa = PBXBuildFile; fileRef = 3131CC589BC94321F2A43C12 /* Preview Assets.xcassets */; };
		3131C11D68D069435E0535A5 /* Assets.xcassets in Resources */ = {isa = PBXBuildFile; fileRef = 3131CC6DAD22586A0EE47FB0 /* Assets.xcassets */; };
		3131C265FBE200C594C10AE8 /* SetGameUITestsLaunchTests.swift in Sources */ = {isa = PBXBuildFile; fileRef = 3131C6107C7A1A1BA512F9C3 /* SetGameUITestsLaunchTests.swift */; };
		3131C27C0838FD96BF620A41 /* ContentView.swift in Sources */ = {isa = PBXBuildFile; fileRef = 3131CE6FCC9D745666739754 /* ContentView.swift */; };
		3131C289FD9A03FC4FD73DFE /* AspectVGrid.swift in Sources */ = {isa = PBXBuildFile; fileRef = 3131CEE7E591B599A7B27B0D /* AspectVGrid.swift */; };
		3131C3364175B375DE0F897B /* SetGameTests.swift in Sources */ = {isa = PBXBuildFile; fileRef = 3131C679BC619877C4AD6791 /* SetGameTests.swift */; };
		3131C3382B3E8778C4196D6F /* SetGameApp.swift in Sources */ = {isa = PBXBuildFile; fileRef = 3131C644F1F1753CF07E4205 /* SetGameApp.swift */; };
		3131C75D0AFEB30B212DD9CF /* Diamond.swift in Sources */ = {isa = PBXBuildFile; fileRef = 3131C6C90BBA6C031A6A5771 /* Diamond.swift */; };
		3131C9E98FFD910BDFA41648 /* SetGame.swift in Sources */ = {isa = PBXBuildFile; fileRef = 3131CC0983A22CFF2CCD7259 /* SetGame.swift */; };
		3131CAF0F393DA16F4C864AA /* Cardify.swift in Sources */ = {isa = PBXBuildFile; fileRef = 3131CAF108BB165F95CCBE23 /* Cardify.swift */; };
		3131CB65C730042E6B2E764D /* SetGameViewModel.swift in Sources */ = {isa = PBXBuildFile; fileRef = 3131CE58C458E4C84FA67C2E /* SetGameViewModel.swift */; };
		3131CBA7E935C89914DB9FA1 /* SetGameUITests.swift in Sources */ = {isa = PBXBuildFile; fileRef = 3131C0DBB0A9A6B7C9C74601 /* SetGameUITests.swift */; };
/* End PBXBuildFile section */

/* Begin PBXContainerItemProxy section */
		3131C726DAC2E919CDA5F71C /* PBXContainerItemProxy */ = {
			isa = PBXContainerItemProxy;
			containerPortal = 3131C00531FEAC4D254C1BD3 /* Project object */;
			proxyType = 1;
			remoteGlobalIDString = 3131C53F3BCC0E5EB917A452;
			remoteInfo = SetGame;
		};
		3131CCBB9B020B6F8DEB7965 /* PBXContainerItemProxy */ = {
			isa = PBXContainerItemProxy;
			containerPortal = 3131C00531FEAC4D254C1BD3 /* Project object */;
			proxyType = 1;
			remoteGlobalIDString = 3131C53F3BCC0E5EB917A452;
			remoteInfo = SetGame;
		};
/* End PBXContainerItemProxy section */

/* Begin PBXFileReference section */
		3131C0DBB0A9A6B7C9C74601 /* SetGameUITests.swift */ = {isa = PBXFileReference; lastKnownFileType = sourcecode.swift; path = SetGameUITests.swift; sourceTree = "<group>"; };
		3131C4C68D32DBD4A5F4FD32 /* SetGameTests.xctest */ = {isa = PBXFileReference; explicitFileType = wrapper.cfbundle; includeInIndex = 0; path = SetGameTests.xctest; sourceTree = BUILT_PRODUCTS_DIR; };
		3131C6107C7A1A1BA512F9C3 /* SetGameUITestsLaunchTests.swift */ = {isa = PBXFileReference; lastKnownFileType = sourcecode.swift; path = SetGameUITestsLaunchTests.swift; sourceTree = "<group>"; };
		3131C644F1F1753CF07E4205 /* SetGameApp.swift */ = {isa = PBXFileReference; lastKnownFileType = sourcecode.swift; path = SetGameApp.swift; sourceTree = "<group>"; };
		3131C679BC619877C4AD6791 /* SetGameTests.swift */ = {isa = PBXFileReference; lastKnownFileType = sourcecode.swift; path = SetGameTests.swift; sourceTree = "<group>"; };
		3131C6C90BBA6C031A6A5771 /* Diamond.swift */ = {isa = PBXFileReference; fileEncoding = 4; lastKnownFileType = sourcecode.swift; path = Diamond.swift; sourceTree = "<group>"; };
		3131C8DEBFF4F3E07E774C58 /* SetGame.app */ = {isa = PBXFileReference; explicitFileType = wrapper.application; includeInIndex = 0; path = SetGame.app; sourceTree = BUILT_PRODUCTS_DIR; };
		3131CA6FECD8E5C7BABD4820 /* SetGameUITests.xctest */ = {isa = PBXFileReference; explicitFileType = wrapper.cfbundle; includeInIndex = 0; path = SetGameUITests.xctest; sourceTree = BUILT_PRODUCTS_DIR; };
		3131CAF108BB165F95CCBE23 /* Cardify.swift */ = {isa = PBXFileReference; fileEncoding = 4; lastKnownFileType = sourcecode.swift; path = Cardify.swift; sourceTree = "<group>"; };
		3131CC0983A22CFF2CCD7259 /* SetGame.swift */ = {isa = PBXFileReference; fileEncoding = 4; lastKnownFileType = sourcecode.swift; path = SetGame.swift; sourceTree = "<group>"; };
		3131CC589BC94321F2A43C12 /* Preview Assets.xcassets */ = {isa = PBXFileReference; lastKnownFileType = folder.assetcatalog; path = "Preview Assets.xcassets"; sourceTree = "<group>"; };
		3131CC6DAD22586A0EE47FB0 /* Assets.xcassets */ = {isa = PBXFileReference; lastKnownFileType = folder.assetcatalog; path = Assets.xcassets; sourceTree = "<group>"; };
		3131CE58C458E4C84FA67C2E /* SetGameViewModel.swift */ = {isa = PBXFileReference; fileEncoding = 4; lastKnownFileType = sourcecode.swift; path = SetGameViewModel.swift; sourceTree = "<group>"; };
		3131CE6FCC9D745666739754 /* ContentView.swift */ = {isa = PBXFileReference; lastKnownFileType = sourcecode.swift; path = ContentView.swift; sourceTree = "<group>"; };
		3131CEE7E591B599A7B27B0D /* AspectVGrid.swift */ = {isa = PBXFileReference; fileEncoding = 4; lastKnownFileType = sourcecode.swift; path = AspectVGrid.swift; sourceTree = "<group>"; };
/* End PBXFileReference section */

/* Begin PBXFrameworksBuildPhase section */
		3131C5139C45259705B70C03 /* Frameworks */ = {
			isa = PBXFrameworksBuildPhase;
			buildActionMask = 2147483647;
			files = (
			);
			runOnlyForDeploymentPostprocessing = 0;
		};
		3131C7C4EA41E1584379CE2F /* Frameworks */ = {
			isa = PBXFrameworksBuildPhase;
			buildActionMask = 2147483647;
			files = (
			);
			runOnlyForDeploymentPostprocessing = 0;
		};
		3131CA74BC97EF20972B1FED /* Frameworks */ = {
			isa = PBXFrameworksBuildPhase;
			buildActionMask = 2147483647;
			files = (
			);
			runOnlyForDeploymentPostprocessing = 0;
		};
/* End PBXFrameworksBuildPhase section */

/* Begin PBXGroup section */
		3131C252CE4850A3F94655C3 /* SetGameTests */ = {
			isa = PBXGroup;
			children = (
				3131C679BC619877C4AD6791 /* SetGameTests.swift */,
			);
			path = SetGameTests;
			sourceTree = "<group>";
		};
		3131C5F4C4F382FB883A2073 /* SetGameUITests */ = {
			isa = PBXGroup;
			children = (
				3131C0DBB0A9A6B7C9C74601 /* SetGameUITests.swift */,
				3131C6107C7A1A1BA512F9C3 /* SetGameUITestsLaunchTests.swift */,
			);
			path = SetGameUITests;
			sourceTree = "<group>";
		};
		3131C795ED8C9D28530ACF63 /* Products */ = {
			isa = PBXGroup;
			children = (
				3131C8DEBFF4F3E07E774C58 /* SetGame.app */,
				3131C4C68D32DBD4A5F4FD32 /* SetGameTests.xctest */,
				3131CA6FECD8E5C7BABD4820 /* SetGameUITests.xctest */,
			);
			name = Products;
			sourceTree = "<group>";
		};
		3131C7DB834D52A0B6FC99C0 /* Preview Content */ = {
			isa = PBXGroup;
			children = (
				3131CC589BC94321F2A43C12 /* Preview Assets.xcassets */,
			);
			path = "Preview Content";
			sourceTree = "<group>";
		};
		3131CA22C995D41DD15DA4CC /* Model */ = {
			isa = PBXGroup;
			children = (
				3131CC0983A22CFF2CCD7259 /* SetGame.swift */,
			);
			path = Model;
			sourceTree = "<group>";
		};
		3131CA7AB1A3B7D05BBC1985 /* SetGame */ = {
			isa = PBXGroup;
			children = (
				3131CC6DAD22586A0EE47FB0 /* Assets.xcassets */,
				3131C7DB834D52A0B6FC99C0 /* Preview Content */,
				3131C644F1F1753CF07E4205 /* SetGameApp.swift */,
				3131CE6FCC9D745666739754 /* ContentView.swift */,
				3131CA22C995D41DD15DA4CC /* Model */,
				3131CC0D9F454CBA30F288BB /* ViewModel */,
				3131CEAA925BDDBC7F239C24 /* View */,
				3131CB99361C0C3B233C60FA /* ViewModifier */,
			);
			path = SetGame;
			sourceTree = "<group>";
		};
		3131CB99361C0C3B233C60FA /* ViewModifier */ = {
			isa = PBXGroup;
			children = (
				3131CAF108BB165F95CCBE23 /* Cardify.swift */,
			);
			path = ViewModifier;
			sourceTree = "<group>";
		};
		3131CC0D9F454CBA30F288BB /* ViewModel */ = {
			isa = PBXGroup;
			children = (
				3131CE58C458E4C84FA67C2E /* SetGameViewModel.swift */,
			);
			path = ViewModel;
			sourceTree = "<group>";
		};
		3131CD0C847668737CBA6E3A = {
			isa = PBXGroup;
			children = (
				3131C795ED8C9D28530ACF63 /* Products */,
				3131CA7AB1A3B7D05BBC1985 /* SetGame */,
				3131C252CE4850A3F94655C3 /* SetGameTests */,
				3131C5F4C4F382FB883A2073 /* SetGameUITests */,
			);
			sourceTree = "<group>";
		};
		3131CEAA925BDDBC7F239C24 /* View */ = {
			isa = PBXGroup;
			children = (
				3131C6C90BBA6C031A6A5771 /* Diamond.swift */,
				3131CEE7E591B599A7B27B0D /* AspectVGrid.swift */,
			);
			path = View;
			sourceTree = "<group>";
		};
/* End PBXGroup section */

/* Begin PBXNativeTarget section */
		3131C44839FC5A9B72494237 /* SetGameTests */ = {
			isa = PBXNativeTarget;
			buildConfigurationList = 3131CF12B70CECADA922DA62 /* Build configuration list for PBXNativeTarget "SetGameTests" */;
			buildPhases = (
				3131CA50713D754F1334BFA1 /* Sources */,
				3131C7C4EA41E1584379CE2F /* Frameworks */,
				3131C1011831031525A001B5 /* Resources */,
			);
			buildRules = (
			);
			dependencies = (
				3131C4534E2EFEC6D5B38020 /* PBXTargetDependency */,
			);
			name = SetGameTests;
			productName = SetGameTests;
			productReference = 3131C4C68D32DBD4A5F4FD32 /* SetGameTests.xctest */;
			productType = "com.apple.product-type.bundle.unit-test";
		};
		3131C53F3BCC0E5EB917A452 /* SetGame */ = {
			isa = PBXNativeTarget;
			buildConfigurationList = 3131C0DFD968870AB387743C /* Build configuration list for PBXNativeTarget "SetGame" */;
			buildPhases = (
				3131C895621A3B1E491DC795 /* Sources */,
				3131CA74BC97EF20972B1FED /* Frameworks */,
				3131CCA7F3DBA883F9A21F18 /* Resources */,
			);
			buildRules = (
			);
			dependencies = (
			);
			name = SetGame;
			productName = SetGame;
			productReference = 3131C8DEBFF4F3E07E774C58 /* SetGame.app */;
			productType = "com.apple.product-type.application";
		};
		3131C7778AC50F34D7340071 /* SetGameUITests */ = {
			isa = PBXNativeTarget;
			buildConfigurationList = 3131CC32E98731685DF9FDB2 /* Build configuration list for PBXNativeTarget "SetGameUITests" */;
			buildPhases = (
				3131CB3C448BE719DB256EB4 /* Sources */,
				3131C5139C45259705B70C03 /* Frameworks */,
				3131CD8578A5D09FFB672554 /* Resources */,
			);
			buildRules = (
			);
			dependencies = (
				3131CBB51C4B188952290BB3 /* PBXTargetDependency */,
			);
			name = SetGameUITests;
			productName = SetGameUITests;
			productReference = 3131CA6FECD8E5C7BABD4820 /* SetGameUITests.xctest */;
			productType = "com.apple.product-type.bundle.ui-testing";
		};
/* End PBXNativeTarget section */

/* Begin PBXProject section */
		3131C00531FEAC4D254C1BD3 /* Project object */ = {
			isa = PBXProject;
			buildConfigurationList = 3131CD6DC9402FD6D3DA96EA /* Build configuration list for PBXProject "SetGame" */;
			compatibilityVersion = "Xcode 3.2";
			developmentRegion = English;
			hasScannedForEncodings = 0;
			knownRegions = (
				en,
			);
			mainGroup = 3131CD0C847668737CBA6E3A;
			productRefGroup = 3131C795ED8C9D28530ACF63 /* Products */;
			projectDirPath = "";
			projectRoot = "";
			targets = (
				3131C53F3BCC0E5EB917A452 /* SetGame */,
				3131C44839FC5A9B72494237 /* SetGameTests */,
				3131C7778AC50F34D7340071 /* SetGameUITests */,
			);
		};
/* End PBXProject section */

/* Begin PBXResourcesBuildPhase section */
		3131C1011831031525A001B5 /* Resources */ = {
			isa = PBXResourcesBuildPhase;
			buildActionMask = 2147483647;
			files = (
			);
			runOnlyForDeploymentPostprocessing = 0;
		};
		3131CCA7F3DBA883F9A21F18 /* Resources */ = {
			isa = PBXResourcesBuildPhase;
			buildActionMask = 2147483647;
			files = (
				3131C11D68D069435E0535A5 /* Assets.xcassets in Resources */,
				3131C0D79AE8B155FE190D34 /* Preview Assets.xcassets in Resources */,
			);
			runOnlyForDeploymentPostprocessing = 0;
		};
		3131CD8578A5D09FFB672554 /* Resources */ = {
			isa = PBXResourcesBuildPhase;
			buildActionMask = 2147483647;
			files = (
			);
			runOnlyForDeploymentPostprocessing = 0;
		};
/* End PBXResourcesBuildPhase section */

/* Begin PBXSourcesBuildPhase section */
		3131C895621A3B1E491DC795 /* Sources */ = {
			isa = PBXSourcesBuildPhase;
			buildActionMask = 2147483647;
			files = (
				3131C3382B3E8778C4196D6F /* SetGameApp.swift in Sources */,
				3131C27C0838FD96BF620A41 /* ContentView.swift in Sources */,
				3131C9E98FFD910BDFA41648 /* SetGame.swift in Sources */,
				3131CB65C730042E6B2E764D /* SetGameViewModel.swift in Sources */,
				3131C75D0AFEB30B212DD9CF /* Diamond.swift in Sources */,
				3131C289FD9A03FC4FD73DFE /* AspectVGrid.swift in Sources */,
				3131CAF0F393DA16F4C864AA /* Cardify.swift in Sources */,
			);
			runOnlyForDeploymentPostprocessing = 0;
		};
		3131CA50713D754F1334BFA1 /* Sources */ = {
			isa = PBXSourcesBuildPhase;
			buildActionMask = 2147483647;
			files = (
				3131C3364175B375DE0F897B /* SetGameTests.swift in Sources */,
			);
			runOnlyForDeploymentPostprocessing = 0;
		};
		3131CB3C448BE719DB256EB4 /* Sources */ = {
			isa = PBXSourcesBuildPhase;
			buildActionMask = 2147483647;
			files = (
				3131CBA7E935C89914DB9FA1 /* SetGameUITests.swift in Sources */,
				3131C265FBE200C594C10AE8 /* SetGameUITestsLaunchTests.swift in Sources */,
			);
			runOnlyForDeploymentPostprocessing = 0;
		};
/* End PBXSourcesBuildPhase section */

/* Begin PBXTargetDependency section */
		3131C4534E2EFEC6D5B38020 /* PBXTargetDependency */ = {
			isa = PBXTargetDependency;
			target = 3131C53F3BCC0E5EB917A452 /* SetGame */;
			targetProxy = 3131CCBB9B020B6F8DEB7965 /* PBXContainerItemProxy */;
		};
		3131CBB51C4B188952290BB3 /* PBXTargetDependency */ = {
			isa = PBXTargetDependency;
			target = 3131C53F3BCC0E5EB917A452 /* SetGame */;
			targetProxy = 3131C726DAC2E919CDA5F71C /* PBXContainerItemProxy */;
		};
/* End PBXTargetDependency section */

/* Begin XCBuildConfiguration section */
		3131C26C8946D455164E55C2 /* Debug */ = {
			isa = XCBuildConfiguration;
			buildSettings = {
				BUNDLE_LOADER = "$(BUILT_PRODUCTS_DIR)/SetGame.app/SetGame";
				CURRENT_PROJECT_VERSION = 1;
				GENERATE_INFOPLIST_FILE = YES;
				LD_RUNPATH_SEARCH_PATHS = "$(inherited) @executable_path/Frameworks @loader_path/Frameworks";
				MARKETING_VERSION = 1.0;
				PRODUCT_BUNDLE_IDENTIFIER = cn.gsein.SetGameTests;
				PRODUCT_NAME = "$(TARGET_NAME)";
				SWIFT_EMIT_LOC_STRINGS = NO;
				SWIFT_VERSION = 5.0;
				TARGETED_DEVICE_FAMILY = "1,2";
				TEST_HOST = "$(BUNDLE_LOADER)";
			};
			name = Debug;
		};
		3131C4122A3B890DABB44766 /* Release */ = {
			isa = XCBuildConfiguration;
			buildSettings = {
				BUNDLE_LOADER = "$(BUILT_PRODUCTS_DIR)/SetGame.app/SetGame";
				CURRENT_PROJECT_VERSION = 1;
				GENERATE_INFOPLIST_FILE = YES;
				LD_RUNPATH_SEARCH_PATHS = "$(inherited) @executable_path/Frameworks @loader_path/Frameworks";
				MARKETING_VERSION = 1.0;
				PRODUCT_BUNDLE_IDENTIFIER = cn.gsein.SetGameTests;
				PRODUCT_NAME = "$(TARGET_NAME)";
				SWIFT_EMIT_LOC_STRINGS = NO;
				SWIFT_VERSION = 5.0;
				TARGETED_DEVICE_FAMILY = "1,2";
				TEST_HOST = "$(BUNDLE_LOADER)";
			};
			name = Release;
		};
		3131C5D7E25B2817D30AB7CF /* Release */ = {
			isa = XCBuildConfiguration;
			buildSettings = {
				ALWAYS_SEARCH_USER_PATHS = NO;
				CLANG_ANALYZER_NONNULL = YES;
				CLANG_ANALYZER_NUMBER_OBJECT_CONVERSION = YES_AGGRESSIVE;
				CLANG_CXX_LANGUAGE_STANDARD = "gnu++17";
				CLANG_CXX_LIBRARY = "libc++";
				CLANG_ENABLE_MODULES = YES;
				CLANG_ENABLE_OBJC_ARC = YES;
				CLANG_ENABLE_OBJC_WEAK = YES;
				CLANG_WARN_BLOCK_CAPTURE_AUTORELEASING = YES;
				CLANG_WARN_BOOL_CONVERSION = YES;
				CLANG_WARN_COMMA = YES;
				CLANG_WARN_CONSTANT_CONVERSION = YES;
				CLANG_WARN_DEPRECATED_OBJC_IMPLEMENTATIONS = YES;
				CLANG_WARN_DIRECT_OBJC_ISA_USAGE = YES_ERROR;
				CLANG_WARN_DOCUMENTATION_COMMENTS = YES;
				CLANG_WARN_EMPTY_BODY = YES;
				CLANG_WARN_ENUM_CONVERSION = YES;
				CLANG_WARN_INFINITE_RECURSION = YES;
				CLANG_WARN_INT_CONVERSION = YES;
				CLANG_WARN_NON_LITERAL_NULL_CONVERSION = YES;
				CLANG_WARN_OBJC_IMPLICIT_RETAIN_SELF = YES;
				CLANG_WARN_OBJC_LITERAL_CONVERSION = YES;
				CLANG_WARN_OBJC_ROOT_CLASS = YES_ERROR;
				CLANG_WARN_QUOTED_INCLUDE_IN_FRAMEWORK_HEADER = YES;
				CLANG_WARN_RANGE_LOOP_ANALYSIS = YES;
				CLANG_WARN_STRICT_PROTOTYPES = YES;
				CLANG_WARN_SUSPICIOUS_MOVE = YES;
				CLANG_WARN_UNGUARDED_AVAILABILITY = YES_AGGRESSIVE;
				CLANG_WARN_UNREACHABLE_CODE = YES;
				CLANG_WARN__DUPLICATE_METHOD_MATCH = YES;
				COPY_PHASE_STRIP = NO;
				DEBUG_INFORMATION_FORMAT = "dwarf-with-dsym";
				ENABLE_NS_ASSERTIONS = NO;
				ENABLE_STRICT_OBJC_MSGSEND = YES;
				GCC_C_LANGUAGE_STANDARD = gnu11;
				GCC_NO_COMMON_BLOCKS = YES;
				GCC_WARN_64_TO_32_BIT_CONVERSION = YES;
				GCC_WARN_ABOUT_RETURN_TYPE = YES_ERROR;
				GCC_WARN_UNDECLARED_SELECTOR = YES;
				GCC_WARN_UNINITIALIZED_AUTOS = YES_AGGRESSIVE;
				GCC_WARN_UNUSED_FUNCTION = YES;
				GCC_WARN_UNUSED_VARIABLE = YES;
				IPHONEOS_DEPLOYMENT_TARGET = 15.0;
				MTL_ENABLE_DEBUG_INFO = NO;
				MTL_FAST_MATH = YES;
				SDKROOT = iphoneos;
				SWIFT_COMPILATION_MODE = wholemodule;
				SWIFT_OPTIMIZATION_LEVEL = "-O";
				VALIDATE_PRODUCT = YES;
			};
			name = Release;
		};
		3131C68C0EAA09CAE222AE58 /* Debug */ = {
			isa = XCBuildConfiguration;
			buildSettings = {
				CURRENT_PROJECT_VERSION = 1;
				GENERATE_INFOPLIST_FILE = YES;
				LD_RUNPATH_SEARCH_PATHS = "$(inherited) @executable_path/Frameworks @loader_path/Frameworks";
				MARKETING_VERSION = 1.0;
				PRODUCT_BUNDLE_IDENTIFIER = cn.gsein.SetGameUITests;
				PRODUCT_NAME = "$(TARGET_NAME)";
				SWIFT_EMIT_LOC_STRINGS = NO;
				SWIFT_VERSION = 5.0;
				TARGETED_DEVICE_FAMILY = "1,2";
				TEST_TARGET_NAME = SetGame;
			};
			name = Debug;
		};
		3131C92588043AF005DAC7DC /* Debug */ = {
			isa = XCBuildConfiguration;
			buildSettings = {
				ALWAYS_SEARCH_USER_PATHS = NO;
				CLANG_ANALYZER_NONNULL = YES;
				CLANG_ANALYZER_NUMBER_OBJECT_CONVERSION = YES_AGGRESSIVE;
				CLANG_CXX_LANGUAGE_STANDARD = "gnu++17";
				CLANG_CXX_LIBRARY = "libc++";
				CLANG_ENABLE_MODULES = YES;
				CLANG_ENABLE_OBJC_ARC = YES;
				CLANG_ENABLE_OBJC_WEAK = YES;
				CLANG_WARN_BLOCK_CAPTURE_AUTORELEASING = YES;
				CLANG_WARN_BOOL_CONVERSION = YES;
				CLANG_WARN_COMMA = YES;
				CLANG_WARN_CONSTANT_CONVERSION = YES;
				CLANG_WARN_DEPRECATED_OBJC_IMPLEMENTATIONS = YES;
				CLANG_WARN_DIRECT_OBJC_ISA_USAGE = YES_ERROR;
				CLANG_WARN_DOCUMENTATION_COMMENTS = YES;
				CLANG_WARN_EMPTY_BODY = YES;
				CLANG_WARN_ENUM_CONVERSION = YES;
				CLANG_WARN_INFINITE_RECURSION = YES;
				CLANG_WARN_INT_CONVERSION = YES;
				CLANG_WARN_NON_LITERAL_NULL_CONVERSION = YES;
				CLANG_WARN_OBJC_IMPLICIT_RETAIN_SELF = YES;
				CLANG_WARN_OBJC_LITERAL_CONVERSION = YES;
				CLANG_WARN_OBJC_ROOT_CLASS = YES_ERROR;
				CLANG_WARN_QUOTED_INCLUDE_IN_FRAMEWORK_HEADER = YES;
				CLANG_WARN_RANGE_LOOP_ANALYSIS = YES;
				CLANG_WARN_STRICT_PROTOTYPES = YES;
				CLANG_WARN_SUSPICIOUS_MOVE = YES;
				CLANG_WARN_UNGUARDED_AVAILABILITY = YES_AGGRESSIVE;
				CLANG_WARN_UNREACHABLE_CODE = YES;
				CLANG_WARN__DUPLICATE_METHOD_MATCH = YES;
				COPY_PHASE_STRIP = NO;
				DEBUG_INFORMATION_FORMAT = dwarf;
				ENABLE_STRICT_OBJC_MSGSEND = YES;
				ENABLE_TESTABILITY = YES;
				GCC_C_LANGUAGE_STANDARD = gnu11;
				GCC_DYNAMIC_NO_PIC = NO;
				GCC_NO_COMMON_BLOCKS = YES;
				GCC_OPTIMIZATION_LEVEL = 0;
				GCC_PREPROCESSOR_DEFINITIONS = (
					"DEBUG=1",
					"$(inherited)",
				);
				GCC_WARN_64_TO_32_BIT_CONVERSION = YES;
				GCC_WARN_ABOUT_RETURN_TYPE = YES_ERROR;
				GCC_WARN_UNDECLARED_SELECTOR = YES;
				GCC_WARN_UNINITIALIZED_AUTOS = YES_AGGRESSIVE;
				GCC_WARN_UNUSED_FUNCTION = YES;
				GCC_WARN_UNUSED_VARIABLE = YES;
				IPHONEOS_DEPLOYMENT_TARGET = 15.0;
				MTL_ENABLE_DEBUG_INFO = INCLUDE_SOURCE;
				MTL_FAST_MATH = YES;
				ONLY_ACTIVE_ARCH = YES;
				SDKROOT = iphoneos;
				SWIFT_ACTIVE_COMPILATION_CONDITIONS = DEBUG;
				SWIFT_OPTIMIZATION_LEVEL = "-Onone";
			};
			name = Debug;
		};
		3131CED9B0A9D88E8818253A /* Release */ = {
			isa = XCBuildConfiguration;
			buildSettings = {
				ASSETCATALOG_COMPILER_APPICON_NAME = AppIcon;
				ASSETCATALOG_COMPILER_GLOBAL_ACCENT_COLOR_NAME = AccentColor;
				CURRENT_PROJECT_VERSION = 1;
				DEVELOPMENT_ASSET_PATHS = "\"SetGame/Preview Content\"";
				ENABLE_PREVIEWS = YES;
				GENERATE_INFOPLIST_FILE = YES;
				INFOPLIST_KEY_UIApplicationSceneManifest_Generation = YES;
				INFOPLIST_KEY_UIApplicationSupportsIndirectInputEvents = YES;
				INFOPLIST_KEY_UILaunchScreen_Generation = YES;
				INFOPLIST_KEY_UISupportedInterfaceOrientations_iPad = "UIInterfaceOrientationPortrait UIInterfaceOrientationPortraitUpsideDown UIInterfaceOrientationLandscapeLeft UIInterfaceOrientationLandscapeRight";
				INFOPLIST_KEY_UISupportedInterfaceOrientations_iPhone = "UIInterfaceOrientationPortrait UIInterfaceOrientationLandscapeLeft UIInterfaceOrientationLandscapeRight";
				LD_RUNPATH_SEARCH_PATHS = "$(inherited) @executable_path/Frameworks";
				MARKETING_VERSION = 1.0;
				PRODUCT_BUNDLE_IDENTIFIER = cn.gsein.SetGame;
				PRODUCT_NAME = "$(TARGET_NAME)";
				SWIFT_EMIT_LOC_STRINGS = YES;
				SWIFT_VERSION = 5.0;
				TARGETED_DEVICE_FAMILY = "1,2";
			};
			name = Release;
		};
		3131CFD3C799D5AF4B18BEF5 /* Release */ = {
			isa = XCBuildConfiguration;
			buildSettings = {
				CURRENT_PROJECT_VERSION = 1;
				GENERATE_INFOPLIST_FILE = YES;
				LD_RUNPATH_SEARCH_PATHS = "$(inherited) @executable_path/Frameworks @loader_path/Frameworks";
				MARKETING_VERSION = 1.0;
				PRODUCT_BUNDLE_IDENTIFIER = cn.gsein.SetGameUITests;
				PRODUCT_NAME = "$(TARGET_NAME)";
				SWIFT_EMIT_LOC_STRINGS = NO;
				SWIFT_VERSION = 5.0;
				TARGETED_DEVICE_FAMILY = "1,2";
				TEST_TARGET_NAME = SetGame;
			};
			name = Release;
		};
		3131CFF4F3391C983DF2C75A /* Debug */ = {
			isa = XCBuildConfiguration;
			buildSettings = {
				ASSETCATALOG_COMPILER_APPICON_NAME = AppIcon;
				ASSETCATALOG_COMPILER_GLOBAL_ACCENT_COLOR_NAME = AccentColor;
				CURRENT_PROJECT_VERSION = 1;
				DEVELOPMENT_ASSET_PATHS = "\"SetGame/Preview Content\"";
				ENABLE_PREVIEWS = YES;
				GENERATE_INFOPLIST_FILE = YES;
				INFOPLIST_KEY_UIApplicationSceneManifest_Generation = YES;
				INFOPLIST_KEY_UIApplicationSupportsIndirectInputEvents = YES;
				INFOPLIST_KEY_UILaunchScreen_Generation = YES;
				INFOPLIST_KEY_UISupportedInterfaceOrientations_iPad = "UIInterfaceOrientationPortrait UIInterfaceOrientationPortraitUpsideDown UIInterfaceOrientationLandscapeLeft UIInterfaceOrientationLandscapeRight";
				INFOPLIST_KEY_UISupportedInterfaceOrientations_iPhone = "UIInterfaceOrientationPortrait UIInterfaceOrientationLandscapeLeft UIInterfaceOrientationLandscapeRight";
				LD_RUNPATH_SEARCH_PATHS = "$(inherited) @executable_path/Frameworks";
				MARKETING_VERSION = 1.0;
				PRODUCT_BUNDLE_IDENTIFIER = cn.gsein.SetGame;
				PRODUCT_NAME = "$(TARGET_NAME)";
				SWIFT_EMIT_LOC_STRINGS = YES;
				SWIFT_VERSION = 5.0;
				TARGETED_DEVICE_FAMILY = "1,2";
			};
			name = Debug;
		};
/* End XCBuildConfiguration section */

/* Begin XCConfigurationList section */
		3131C0DFD968870AB387743C /* Build configuration list for PBXNativeTarget "SetGame" */ = {
			isa = XCConfigurationList;
			buildConfigurations = (
				3131CFF4F3391C983DF2C75A /* Debug */,
				3131CED9B0A9D88E8818253A /* Release */,
			);
			defaultConfigurationIsVisible = 0;
		};
		3131CC32E98731685DF9FDB2 /* Build configuration list for PBXNativeTarget "SetGameUITests" */ = {
			isa = XCConfigurationList;
			buildConfigurations = (
				3131C68C0EAA09CAE222AE58 /* Debug */,
				3131CFD3C799D5AF4B18BEF5 /* Release */,
			);
			defaultConfigurationIsVisible = 0;
		};
		3131CD6DC9402FD6D3DA96EA /* Build configuration list for PBXProject "SetGame" */ = {
			isa = XCConfigurationList;
			buildConfigurations = (
				3131C92588043AF005DAC7DC /* Debug */,
				3131C5D7E25B2817D30AB7CF /* Release */,
			);
			defaultConfigurationIsVisible = 0;
			defaultConfigurationName = Release;
		};
		3131CF12B70CECADA922DA62 /* Build configuration list for PBXNativeTarget "SetGameTests" */ = {
			isa = XCConfigurationList;
			buildConfigurations = (
				3131C26C8946D455164E55C2 /* Debug */,
				3131C4122A3B890DABB44766 /* Release */,
			);
			defaultConfigurationIsVisible = 0;
		};
/* End XCConfigurationList section */
	};
	rootObject = 3131C00531FEAC4D254C1BD3 /* Project object */;
}
